
Microsoft Visual Studio Solution File, Format Version 12.00
# Visual Studio Version 17
VisualStudioVersion = 17.3.32825.248
MinimumVisualStudioVersion = 10.0.40219.1
Project("{FAE04EC0-301F-11D3-BF4B-00C04F79EFBC}") = "o_de_solid", "o_de_solid\o_de_solid.csproj", "{94E54B80-F43E-445F-AD55-A24AF891C265}"
EndProject
Global
	GlobalSection(SolutionConfigurationPlatforms) = preSolution
		Debug|Any CPU = Debug|Any CPU
		Release|Any CPU = Release|Any CPU
	EndGlobalSection
	GlobalSection(ProjectConfigurationPlatforms) = postSolution
		{94E54B80-F43E-445F-AD55-A24AF891C265}.Debug|Any CPU.ActiveCfg = Debug|Any CPU
		{94E54B80-F43E-445F-AD55-A24AF891C265}.Debug|Any CPU.Build.0 = Debug|Any CPU
		{94E54B80-F43E-445F-AD55-A24AF891C265}.Release|Any CPU.ActiveCfg = Release|Any CPU
		{94E54B80-F43E-445F-AD55-A24AF891C265}.Release|Any CPU.Build.0 = Release|Any CPU
	EndGlobalSection
	GlobalSection(SolutionProperties) = preSolution
		HideSolutionNode = FALSE
	EndGlobalSection
	GlobalSection(ExtensibilityGlobals) = postSolution
		SolutionGuid = {41DA5A5E-EB7B-4382-850E-B16CADB730D6}
	EndGlobalSection
EndGlobal
